PODS:
  - Eureka (4.3.1)
  - HanekeSwift (1.1)

DEPENDENCIES:
  - Eureka (>= 4.0.0)
  - HanekeSwift (from `https://github.com/aporat/HanekeSwift`, branch `master`)

SPEC REPOS:
  https://github.com/cocoapods/specs.git:
    - Eureka

EXTERNAL SOURCES:
  HanekeSwift:
    :branch: master
    :git: https://github.com/aporat/HanekeSwift

CHECKOUT OPTIONS:
  HanekeSwift:
    :commit: ec058bf8ddda14fd4194fad8e5fc5657b6dfbc21
    :git: https://github.com/aporat/HanekeSwift

SPEC CHECKSUMS:
  Eureka: 28ea296f06710f6745266b71f17862048941a32d
  HanekeSwift: cb662a1f22b10ff3ff1d7b5030ae451da5d93831

PODFILE CHECKSUM: 94069ffb5614e4b5135f09774f99e02b260843ab

COCOAPODS: 1.5.3
